
Microsoft Visual Studio Solution File, Format Version 12.00
# Visual Studio Version 17
VisualStudioVersion = 17.9.34728.123
MinimumVisualStudioVersion = 10.0.40219.1
Project("{FAE04EC0-301F-11D3-BF4B-00C04F79EFBC}") = "MapperlyTest", "MapperlyTest\MapperlyTest.csproj", "{F6BE607F-5809-47BC-A0FA-518DFF4011A1}"
EndProject
Project("{FAE04EC0-301F-11D3-BF4B-00C04F79EFBC}") = "Entities", "Entities\Entities.csproj", "{AD5510E0-B780-4F43-B899-E3B5832B569F}"
EndProject
Project("{FAE04EC0-301F-11D3-BF4B-00C04F79EFBC}") = "DTOs", "DTOs\DTOs.csproj", "{50402468-B068-4187-9FF4-024A78BE9999}"
EndProject
Global
	GlobalSection(SolutionConfigurationPlatforms) = preSolution
		Debug|Any CPU = Debug|Any CPU
		Release|Any CPU = Release|Any CPU
	EndGlobalSection
	GlobalSection(ProjectConfigurationPlatforms) = postSolution
		{F6BE607F-5809-47BC-A0FA-518DFF4011A1}.Debug|Any CPU.ActiveCfg = Debug|Any CPU
		{F6BE607F-5809-47BC-A0FA-518DFF4011A1}.Debug|Any CPU.Build.0 = Debug|Any CPU
		{F6BE607F-5809-47BC-A0FA-518DFF4011A1}.Release|Any CPU.ActiveCfg = Release|Any CPU
		{F6BE607F-5809-47BC-A0FA-518DFF4011A1}.Release|Any CPU.Build.0 = Release|Any CPU
		{AD5510E0-B780-4F43-B899-E3B5832B569F}.Debug|Any CPU.ActiveCfg = Debug|Any CPU
		{AD5510E0-B780-4F43-B899-E3B5832B569F}.Debug|Any CPU.Build.0 = Debug|Any CPU
		{AD5510E0-B780-4F43-B899-E3B5832B569F}.Release|Any CPU.ActiveCfg = Release|Any CPU
		{AD5510E0-B780-4F43-B899-E3B5832B569F}.Release|Any CPU.Build.0 = Release|Any CPU
		{50402468-B068-4187-9FF4-024A78BE9999}.Debug|Any CPU.ActiveCfg = Debug|Any CPU
		{50402468-B068-4187-9FF4-024A78BE9999}.Debug|Any CPU.Build.0 = Debug|Any CPU
		{50402468-B068-4187-9FF4-024A78BE9999}.Release|Any CPU.ActiveCfg = Release|Any CPU
		{50402468-B068-4187-9FF4-024A78BE9999}.Release|Any CPU.Build.0 = Release|Any CPU
	EndGlobalSection
	GlobalSection(SolutionProperties) = preSolution
		HideSolutionNode = FALSE
	EndGlobalSection
	GlobalSection(ExtensibilityGlobals) = postSolution
		SolutionGuid = {9E7228E2-0D22-4F14-933C-56E9B1DE7BD7}
	EndGlobalSection
EndGlobal
